
Microsoft Visual Studio Solution File, Format Version 12.00
# Visual Studio Version 17
VisualStudioVersion = 17.9.34728.123
MinimumVisualStudioVersion = 10.0.40219.1
Project("{FAE04EC0-301F-11D3-BF4B-00C04F79EFBC}") = "cguambaS2", "cguambaS2.csproj", "{CC30E65D-B2C0-4FC2-ADED-77C711BA5706}"
EndProject
Global
	GlobalSection(SolutionConfigurationPlatforms) = preSolution
		Debug|Any CPU = Debug|Any CPU
		Release|Any CPU = Release|Any CPU
	EndGlobalSection
	GlobalSection(ProjectConfigurationPlatforms) = postSolution
		{CC30E65D-B2C0-4FC2-ADED-77C711BA5706}.Debug|Any CPU.ActiveCfg = Debug|Any CPU
		{CC30E65D-B2C0-4FC2-ADED-77C711BA5706}.Debug|Any CPU.Build.0 = Debug|Any CPU
		{CC30E65D-B2C0-4FC2-ADED-77C711BA5706}.Debug|Any CPU.Deploy.0 = Debug|Any CPU
		{CC30E65D-B2C0-4FC2-ADED-77C711BA5706}.Release|Any CPU.ActiveCfg = Release|Any CPU
		{CC30E65D-B2C0-4FC2-ADED-77C711BA5706}.Release|Any CPU.Build.0 = Release|Any CPU
		{CC30E65D-B2C0-4FC2-ADED-77C711BA5706}.Release|Any CPU.Deploy.0 = Release|Any CPU
	EndGlobalSection
	GlobalSection(SolutionProperties) = preSolution
		HideSolutionNode = FALSE
	EndGlobalSection
	GlobalSection(ExtensibilityGlobals) = postSolution
		SolutionGuid = {3D756EEC-547B-46F2-B3DD-AD28504B813D}
	EndGlobalSection
EndGlobal
